
Microsoft Visual Studio Solution File, Format Version 12.00
# Visual Studio Version 17
VisualStudioVersion = 17.9.34723.18
MinimumVisualStudioVersion = 10.0.40219.1
Project("{888888A0-9F3D-457C-B088-3A5042F75D52}") = "Тема 2 - 1 Phyton", "Тема 2 - 1 Phyton\Тема 2 - 1 Phyton.pyproj", "{ECF99208-5EBC-48D3-9CED-0AB1995421B3}"
EndProject
Global
	GlobalSection(SolutionConfigurationPlatforms) = preSolution
		Debug|Any CPU = Debug|Any CPU
		Release|Any CPU = Release|Any CPU
	EndGlobalSection
	GlobalSection(ProjectConfigurationPlatforms) = postSolution
		{ECF99208-5EBC-48D3-9CED-0AB1995421B3}.Debug|Any CPU.ActiveCfg = Debug|Any CPU
		{ECF99208-5EBC-48D3-9CED-0AB1995421B3}.Release|Any CPU.ActiveCfg = Release|Any CPU
	EndGlobalSection
	GlobalSection(SolutionProperties) = preSolution
		HideSolutionNode = FALSE
	EndGlobalSection
	GlobalSection(ExtensibilityGlobals) = postSolution
		SolutionGuid = {AB8D43E6-C8C2-4869-8B2F-F6D1528A2743}
	EndGlobalSection
EndGlobal
